// !$*UTF8*$!
{
	archiveVersion = 1;
	classes = {
	};
	objectVersion = 55;
	objects = {

/* Begin PBXBuildFile section */
		133F3207AE27BFE685E0AE3F /* Pods_LocalHero.framework in Frameworks */ = {isa = PBXBuildFile; fileRef = CED4B5892A7E44F584164E64 /* Pods_LocalHero.framework */; };
		33CA44BE0D9E3D0B62A76197 /* Pods_LocalHero_LocalHeroUITests.framework in Frameworks */ = {isa = PBXBuildFile; fileRef = D1766804A86B9C95D3203647 /* Pods_LocalHero_LocalHeroUITests.framework */; };
		AB7D768F174F299ADE9DB63F /* Pods_LocalHeroTests.framework in Frameworks */ = {isa = PBXBuildFile; fileRef = 7CF46EB728F27F00C408AE54 /* Pods_LocalHeroTests.framework */; };
		CE4EBB0627BCF67200A5CA31 /* AppDelegate.swift in Sources */ = {isa = PBXBuildFile; fileRef = CE4EBB0527BCF67200A5CA31 /* AppDelegate.swift */; };
		CE4EBB0A27BCF67200A5CA31 /* LoginViewController.swift in Sources */ = {isa = PBXBuildFile; fileRef = CE4EBB0927BCF67200A5CA31 /* LoginViewController.swift */; };
		CE4EBB0F27BCF67700A5CA31 /* Assets.xcassets in Resources */ = {isa = PBXBuildFile; fileRef = CE4EBB0E27BCF67700A5CA31 /* Assets.xcassets */; };
		CE4EBB1227BCF67700A5CA31 /* LaunchScreen.storyboard in Resources */ = {isa = PBXBuildFile; fileRef = CE4EBB1027BCF67700A5CA31 /* LaunchScreen.storyboard */; };
		CE4EBB1D27BCF67700A5CA31 /* LocalHeroTests.swift in Sources */ = {isa = PBXBuildFile; fileRef = CE4EBB1C27BCF67700A5CA31 /* LocalHeroTests.swift */; };
		CE4EBB2727BCF67800A5CA31 /* LocalHeroUITests.swift in Sources */ = {isa = PBXBuildFile; fileRef = CE4EBB2627BCF67800A5CA31 /* LocalHeroUITests.swift */; };
		CE4EBB2927BCF67800A5CA31 /* LocalHeroUITestsLaunchTests.swift in Sources */ = {isa = PBXBuildFile; fileRef = CE4EBB2827BCF67800A5CA31 /* LocalHeroUITestsLaunchTests.swift */; };
		CE4EBB3A27BD038C00A5CA31 /* README.md in Resources */ = {isa = PBXBuildFile; fileRef = CE4EBB3927BD038C00A5CA31 /* README.md */; };
		CE4EBB4427BD6D6300A5CA31 /* Configuration.swift in Sources */ = {isa = PBXBuildFile; fileRef = CE4EBB4327BD6D6300A5CA31 /* Configuration.swift */; };
		CE4EBB4727BD6E0900A5CA31 /* APIConstants.swift in Sources */ = {isa = PBXBuildFile; fileRef = CE4EBB4627BD6E0900A5CA31 /* APIConstants.swift */; };
		CE4EBB4E27BFC12E00A5CA31 /* GoogleService-Info.plist in Resources */ = {isa = PBXBuildFile; fileRef = CE4EBB4D27BFC12D00A5CA31 /* GoogleService-Info.plist */; };
		CE4EBB5B27C4F7D400A5CA31 /* World.swift in Sources */ = {isa = PBXBuildFile; fileRef = CE4EBB5A27C4F7D400A5CA31 /* World.swift */; };
		CE4EBB5D27C4F82C00A5CA31 /* RootStateMachine.swift in Sources */ = {isa = PBXBuildFile; fileRef = CE4EBB5C27C4F82C00A5CA31 /* RootStateMachine.swift */; };
		CEB7853B27C53AAE00B8F3D9 /* APIClient.swift in Sources */ = {isa = PBXBuildFile; fileRef = CEB7853A27C53AAE00B8F3D9 /* APIClient.swift */; };
		CEB7854027C542C300B8F3D9 /* FirebaseRemoteConfig in Frameworks */ = {isa = PBXBuildFile; productRef = CEB7853F27C542C300B8F3D9 /* FirebaseRemoteConfig */; };
		CEB7854227C542C300B8F3D9 /* FirebaseRemoteConfigSwift-Beta in Frameworks */ = {isa = PBXBuildFile; productRef = CEB7854127C542C300B8F3D9 /* FirebaseRemoteConfigSwift-Beta */; };
		CEB7854427C542C300B8F3D9 /* FirebaseStorage in Frameworks */ = {isa = PBXBuildFile; productRef = CEB7854327C542C300B8F3D9 /* FirebaseStorage */; };
		CEB7854627C542C300B8F3D9 /* FirebaseStorageSwift-Beta in Frameworks */ = {isa = PBXBuildFile; productRef = CEB7854527C542C300B8F3D9 /* FirebaseStorageSwift-Beta */; };
		CEB7854927C5485300B8F3D9 /* Alamofire in Frameworks */ = {isa = PBXBuildFile; productRef = CEB7854827C5485300B8F3D9 /* Alamofire */; };
		CEB7854B27C54A5C00B8F3D9 /* APIEndpoint.swift in Sources */ = {isa = PBXBuildFile; fileRef = CEB7854A27C54A5C00B8F3D9 /* APIEndpoint.swift */; };
		CEB7854D27C54C4800B8F3D9 /* NetworkingError.swift in Sources */ = {isa = PBXBuildFile; fileRef = CEB7854C27C54C4800B8F3D9 /* NetworkingError.swift */; };
		CEB7854F27C54CEC00B8F3D9 /* BinkError.swift in Sources */ = {isa = PBXBuildFile; fileRef = CEB7854E27C54CEC00B8F3D9 /* BinkError.swift */; };
		CEB7855227C5514D00B8F3D9 /* BinkHTTPHeaders.swift in Sources */ = {isa = PBXBuildFile; fileRef = CEB7855127C5514D00B8F3D9 /* BinkHTTPHeaders.swift */; };
		CEB7855427C639D800B8F3D9 /* UserManager.swift in Sources */ = {isa = PBXBuildFile; fileRef = CEB7855327C639D800B8F3D9 /* UserManager.swift */; };
		CEB7855727C63BAE00B8F3D9 /* KeychainAccess in Frameworks */ = {isa = PBXBuildFile; productRef = CEB7855627C63BAE00B8F3D9 /* KeychainAccess */; };
		CEB7855A27C63E2C00B8F3D9 /* LoginResponse.swift in Sources */ = {isa = PBXBuildFile; fileRef = CEB7855927C63E2C00B8F3D9 /* LoginResponse.swift */; };
		CEB7855D27C63E9200B8F3D9 /* JWTDecode in Frameworks */ = {isa = PBXBuildFile; productRef = CEB7855C27C63E9200B8F3D9 /* JWTDecode */; };
		CEB7855F27C644D400B8F3D9 /* Bundle+Extension.swift in Sources */ = {isa = PBXBuildFile; fileRef = CEB7855E27C644D400B8F3D9 /* Bundle+Extension.swift */; };
		CEB7856627C6549C00B8F3D9 /* APIErrorResponses.swift in Sources */ = {isa = PBXBuildFile; fileRef = CEB7856527C6549C00B8F3D9 /* APIErrorResponses.swift */; };
		CEB7856727C65CDC00B8F3D9 /* LoyaltyPlansTableViewController.swift in Sources */ = {isa = PBXBuildFile; fileRef = CEB7856327C64D1800B8F3D9 /* LoyaltyPlansTableViewController.swift */; };
		CEB7856A27C65F6F00B8F3D9 /* LoyaltyPlanModel.swift in Sources */ = {isa = PBXBuildFile; fileRef = CEB7856927C65F6900B8F3D9 /* LoyaltyPlanModel.swift */; };
		CEB7856C27C66CFE00B8F3D9 /* SafeDecoding.swift in Sources */ = {isa = PBXBuildFile; fileRef = CEB7856B27C66CFE00B8F3D9 /* SafeDecoding.swift */; };
		CEB7857027C6765600B8F3D9 /* bink.der in Resources */ = {isa = PBXBuildFile; fileRef = CEB7856F27C6765600B8F3D9 /* bink.der */; };
		CEB7857927C6866B00B8F3D9 /* BarcodeScannerViewController.swift in Sources */ = {isa = PBXBuildFile; fileRef = CEB7857827C6866B00B8F3D9 /* BarcodeScannerViewController.swift */; };
		CEB7857B27C68DD500B8F3D9 /* LocalHeroViewController.swift in Sources */ = {isa = PBXBuildFile; fileRef = CEB7857A27C68DD500B8F3D9 /* LocalHeroViewController.swift */; };
		CEB7858A27C69C5900B8F3D9 /* Strings.swift in Sources */ = {isa = PBXBuildFile; fileRef = CEB7858827C69C5900B8F3D9 /* Strings.swift */; };
		CEB7858B27C69C5900B8F3D9 /* Assets.swift in Sources */ = {isa = PBXBuildFile; fileRef = CEB7858927C69C5900B8F3D9 /* Assets.swift */; };
		CEB7858E27C6A52A00B8F3D9 /* Localizable.strings in Resources */ = {isa = PBXBuildFile; fileRef = CEB7858D27C6A52A00B8F3D9 /* Localizable.strings */; };
		CEB7859027C78BA600B8F3D9 /* HapticFeedbackUtil.swift in Sources */ = {isa = PBXBuildFile; fileRef = CEB7858F27C78BA600B8F3D9 /* HapticFeedbackUtil.swift */; };
		CEB7859227C7A1CA00B8F3D9 /* Wallet.swift in Sources */ = {isa = PBXBuildFile; fileRef = CEB7859127C7A1CA00B8F3D9 /* Wallet.swift */; };
/* End PBXBuildFile section */

/* Begin PBXContainerItemProxy section */
		CE4EBB1927BCF67700A5CA31 /* PBXContainerItemProxy */ = {
			isa = PBXContainerItemProxy;
			containerPortal = CE4EBAFA27BCF67100A5CA31 /* Project object */;
			proxyType = 1;
			remoteGlobalIDString = CE4EBB0127BCF67200A5CA31;
			remoteInfo = LocalHero;
		};
		CE4EBB2327BCF67800A5CA31 /* PBXContainerItemProxy */ = {
			isa = PBXContainerItemProxy;
			containerPortal = CE4EBAFA27BCF67100A5CA31 /* Project object */;
			proxyType = 1;
			remoteGlobalIDString = CE4EBB0127BCF67200A5CA31;
			remoteInfo = LocalHero;
		};
/* End PBXContainerItemProxy section */

/* Begin PBXFileReference section */
		12CF2699D9C33A9CDC729398 /* Pods-LocalHero-LocalHeroUITests.app store.xcconfig */ = {isa = PBXFileReference; includeInIndex = 1; lastKnownFileType = text.xcconfig; name = "Pods-LocalHero-LocalHeroUITests.app store.xcconfig"; path = "Target Support Files/Pods-LocalHero-LocalHeroUITests/Pods-LocalHero-LocalHeroUITests.app store.xcconfig"; sourceTree = "<group>"; };
		270A916EF0552327F70FB92B /* Pods-LocalHero.alpha.xcconfig */ = {isa = PBXFileReference; includeInIndex = 1; lastKnownFileType = text.xcconfig; name = "Pods-LocalHero.alpha.xcconfig"; path = "Target Support Files/Pods-LocalHero/Pods-LocalHero.alpha.xcconfig"; sourceTree = "<group>"; };
		2A8D1DAE675C5CEC8D2C4417 /* Pods-LocalHero.app store.xcconfig */ = {isa = PBXFileReference; includeInIndex = 1; lastKnownFileType = text.xcconfig; name = "Pods-LocalHero.app store.xcconfig"; path = "Target Support Files/Pods-LocalHero/Pods-LocalHero.app store.xcconfig"; sourceTree = "<group>"; };
		2D6E86CB5718591659327E8A /* Pods-LocalHero.beta.xcconfig */ = {isa = PBXFileReference; includeInIndex = 1; lastKnownFileType = text.xcconfig; name = "Pods-LocalHero.beta.xcconfig"; path = "Target Support Files/Pods-LocalHero/Pods-LocalHero.beta.xcconfig"; sourceTree = "<group>"; };
		3F41E10A202628930486C713 /* Pods-LocalHero-LocalHeroUITests.app store (internal).xcconfig */ = {isa = PBXFileReference; includeInIndex = 1; lastKnownFileType = text.xcconfig; name = "Pods-LocalHero-LocalHeroUITests.app store (internal).xcconfig"; path = "Target Support Files/Pods-LocalHero-LocalHeroUITests/Pods-LocalHero-LocalHeroUITests.app store (internal).xcconfig"; sourceTree = "<group>"; };
		5AB36718DF7AB4B798E94D7E /* Pods-LocalHero-LocalHeroUITests.beta.xcconfig */ = {isa = PBXFileReference; includeInIndex = 1; lastKnownFileType = text.xcconfig; name = "Pods-LocalHero-LocalHeroUITests.beta.xcconfig"; path = "Target Support Files/Pods-LocalHero-LocalHeroUITests/Pods-LocalHero-LocalHeroUITests.beta.xcconfig"; sourceTree = "<group>"; };
		5C9385C81E79565BD5BAF0F5 /* Pods-LocalHeroTests.beta.xcconfig */ = {isa = PBXFileReference; includeInIndex = 1; lastKnownFileType = text.xcconfig; name = "Pods-LocalHeroTests.beta.xcconfig"; path = "Target Support Files/Pods-LocalHeroTests/Pods-LocalHeroTests.beta.xcconfig"; sourceTree = "<group>"; };
		6A1026485A9C4DE8661FAA4D /* Pods-LocalHero-LocalHeroUITests.alpha.xcconfig */ = {isa = PBXFileReference; includeInIndex = 1; lastKnownFileType = text.xcconfig; name = "Pods-LocalHero-LocalHeroUITests.alpha.xcconfig"; path = "Target Support Files/Pods-LocalHero-LocalHeroUITests/Pods-LocalHero-LocalHeroUITests.alpha.xcconfig"; sourceTree = "<group>"; };
		6CC35D9037BC21944E7407C8 /* Pods-LocalHeroTests.alpha.xcconfig */ = {isa = PBXFileReference; includeInIndex = 1; lastKnownFileType = text.xcconfig; name = "Pods-LocalHeroTests.alpha.xcconfig"; path = "Target Support Files/Pods-LocalHeroTests/Pods-LocalHeroTests.alpha.xcconfig"; sourceTree = "<group>"; };
		7CF46EB728F27F00C408AE54 /* Pods_LocalHeroTests.framework */ = {isa = PBXFileReference; explicitFileType = wrapper.framework; includeInIndex = 0; path = Pods_LocalHeroTests.framework; sourceTree = BUILT_PRODUCTS_DIR; };
		9D8E69498ECD5945AFDC2B47 /* Pods-LocalHeroTests.app store (internal).xcconfig */ = {isa = PBXFileReference; includeInIndex = 1; lastKnownFileType = text.xcconfig; name = "Pods-LocalHeroTests.app store (internal).xcconfig"; path = "Target Support Files/Pods-LocalHeroTests/Pods-LocalHeroTests.app store (internal).xcconfig"; sourceTree = "<group>"; };
		B96EBD58640E2D6B66439F12 /* Pods-LocalHeroTests.app store.xcconfig */ = {isa = PBXFileReference; includeInIndex = 1; lastKnownFileType = text.xcconfig; name = "Pods-LocalHeroTests.app store.xcconfig"; path = "Target Support Files/Pods-LocalHeroTests/Pods-LocalHeroTests.app store.xcconfig"; sourceTree = "<group>"; };
		C3F4AFC3A4E4CA0746D45B6E /* Pods-LocalHero.app store (internal).xcconfig */ = {isa = PBXFileReference; includeInIndex = 1; lastKnownFileType = text.xcconfig; name = "Pods-LocalHero.app store (internal).xcconfig"; path = "Target Support Files/Pods-LocalHero/Pods-LocalHero.app store (internal).xcconfig"; sourceTree = "<group>"; };
		CE4EBB0227BCF67200A5CA31 /* Local Hero α.app */ = {isa = PBXFileReference; explicitFileType = wrapper.application; includeInIndex = 0; path = "Local Hero α.app"; sourceTree = BUILT_PRODUCTS_DIR; };
		CE4EBB0527BCF67200A5CA31 /* AppDelegate.swift */ = {isa = PBXFileReference; lastKnownFileType = sourcecode.swift; path = AppDelegate.swift; sourceTree = "<group>"; };
		CE4EBB0927BCF67200A5CA31 /* LoginViewController.swift */ = {isa = PBXFileReference; lastKnownFileType = sourcecode.swift; path = LoginViewController.swift; sourceTree = "<group>"; };
		CE4EBB0E27BCF67700A5CA31 /* Assets.xcassets */ = {isa = PBXFileReference; lastKnownFileType = folder.assetcatalog; path = Assets.xcassets; sourceTree = "<group>"; };
		CE4EBB1127BCF67700A5CA31 /* Base */ = {isa = PBXFileReference; lastKnownFileType = file.storyboard; name = Base; path = Base.lproj/LaunchScreen.storyboard; sourceTree = "<group>"; };
		CE4EBB1827BCF67700A5CA31 /* LocalHeroTests.xctest */ = {isa = PBXFileReference; explicitFileType = wrapper.cfbundle; includeInIndex = 0; path = LocalHeroTests.xctest; sourceTree = BUILT_PRODUCTS_DIR; };
		CE4EBB1C27BCF67700A5CA31 /* LocalHeroTests.swift */ = {isa = PBXFileReference; lastKnownFileType = sourcecode.swift; path = LocalHeroTests.swift; sourceTree = "<group>"; };
		CE4EBB2227BCF67700A5CA31 /* LocalHeroUITests.xctest */ = {isa = PBXFileReference; explicitFileType = wrapper.cfbundle; includeInIndex = 0; path = LocalHeroUITests.xctest; sourceTree = BUILT_PRODUCTS_DIR; };
		CE4EBB2627BCF67800A5CA31 /* LocalHeroUITests.swift */ = {isa = PBXFileReference; lastKnownFileType = sourcecode.swift; path = LocalHeroUITests.swift; sourceTree = "<group>"; };
		CE4EBB2827BCF67800A5CA31 /* LocalHeroUITestsLaunchTests.swift */ = {isa = PBXFileReference; lastKnownFileType = sourcecode.swift; path = LocalHeroUITestsLaunchTests.swift; sourceTree = "<group>"; };
		CE4EBB3927BD038C00A5CA31 /* README.md */ = {isa = PBXFileReference; fileEncoding = 4; lastKnownFileType = net.daringfireball.markdown; path = README.md; sourceTree = "<group>"; };
		CE4EBB4327BD6D6300A5CA31 /* Configuration.swift */ = {isa = PBXFileReference; lastKnownFileType = sourcecode.swift; path = Configuration.swift; sourceTree = "<group>"; };
		CE4EBB4627BD6E0900A5CA31 /* APIConstants.swift */ = {isa = PBXFileReference; lastKnownFileType = sourcecode.swift; path = APIConstants.swift; sourceTree = "<group>"; };
		CE4EBB4827BD6F5700A5CA31 /* Dev.xcconfig */ = {isa = PBXFileReference; lastKnownFileType = text.xcconfig; path = Dev.xcconfig; sourceTree = "<group>"; };
		CE4EBB4927BD6F7500A5CA31 /* Staging.xcconfig */ = {isa = PBXFileReference; lastKnownFileType = text.xcconfig; path = Staging.xcconfig; sourceTree = "<group>"; };
		CE4EBB4A27BD6F8200A5CA31 /* Production.xcconfig */ = {isa = PBXFileReference; lastKnownFileType = text.xcconfig; path = Production.xcconfig; sourceTree = "<group>"; };
		CE4EBB4D27BFC12D00A5CA31 /* GoogleService-Info.plist */ = {isa = PBXFileReference; fileEncoding = 4; lastKnownFileType = text.plist.xml; path = "GoogleService-Info.plist"; sourceTree = "<group>"; };
		CE4EBB5A27C4F7D400A5CA31 /* World.swift */ = {isa = PBXFileReference; lastKnownFileType = sourcecode.swift; path = World.swift; sourceTree = "<group>"; };
		CE4EBB5C27C4F82C00A5CA31 /* RootStateMachine.swift */ = {isa = PBXFileReference; lastKnownFileType = sourcecode.swift; path = RootStateMachine.swift; sourceTree = "<group>"; };
		CE4EBB6127C5086800A5CA31 /* Info.plist */ = {isa = PBXFileReference; fileEncoding = 4; lastKnownFileType = text.plist.xml; path = Info.plist; sourceTree = "<group>"; };
		CEB7853A27C53AAE00B8F3D9 /* APIClient.swift */ = {isa = PBXFileReference; lastKnownFileType = sourcecode.swift; path = APIClient.swift; sourceTree = "<group>"; };
		CEB7854A27C54A5C00B8F3D9 /* APIEndpoint.swift */ = {isa = PBXFileReference; lastKnownFileType = sourcecode.swift; path = APIEndpoint.swift; sourceTree = "<group>"; };
		CEB7854C27C54C4800B8F3D9 /* NetworkingError.swift */ = {isa = PBXFileReference; lastKnownFileType = sourcecode.swift; path = NetworkingError.swift; sourceTree = "<group>"; };
		CEB7854E27C54CEC00B8F3D9 /* BinkError.swift */ = {isa = PBXFileReference; lastKnownFileType = sourcecode.swift; path = BinkError.swift; sourceTree = "<group>"; };
		CEB7855127C5514D00B8F3D9 /* BinkHTTPHeaders.swift */ = {isa = PBXFileReference; lastKnownFileType = sourcecode.swift; path = BinkHTTPHeaders.swift; sourceTree = "<group>"; };
		CEB7855327C639D800B8F3D9 /* UserManager.swift */ = {isa = PBXFileReference; lastKnownFileType = sourcecode.swift; path = UserManager.swift; sourceTree = "<group>"; };
		CEB7855927C63E2C00B8F3D9 /* LoginResponse.swift */ = {isa = PBXFileReference; lastKnownFileType = sourcecode.swift; path = LoginResponse.swift; sourceTree = "<group>"; };
		CEB7855E27C644D400B8F3D9 /* Bundle+Extension.swift */ = {isa = PBXFileReference; lastKnownFileType = sourcecode.swift; path = "Bundle+Extension.swift"; sourceTree = "<group>"; };
		CEB7856327C64D1800B8F3D9 /* LoyaltyPlansTableViewController.swift */ = {isa = PBXFileReference; lastKnownFileType = sourcecode.swift; path = LoyaltyPlansTableViewController.swift; sourceTree = "<group>"; };
		CEB7856527C6549C00B8F3D9 /* APIErrorResponses.swift */ = {isa = PBXFileReference; lastKnownFileType = sourcecode.swift; path = APIErrorResponses.swift; sourceTree = "<group>"; };
		CEB7856927C65F6900B8F3D9 /* LoyaltyPlanModel.swift */ = {isa = PBXFileReference; lastKnownFileType = sourcecode.swift; path = LoyaltyPlanModel.swift; sourceTree = "<group>"; };
		CEB7856B27C66CFE00B8F3D9 /* SafeDecoding.swift */ = {isa = PBXFileReference; lastKnownFileType = sourcecode.swift; path = SafeDecoding.swift; sourceTree = "<group>"; };
		CEB7856F27C6765600B8F3D9 /* bink.der */ = {isa = PBXFileReference; lastKnownFileType = file; path = bink.der; sourceTree = "<group>"; };
		CEB7857827C6866B00B8F3D9 /* BarcodeScannerViewController.swift */ = {isa = PBXFileReference; fileEncoding = 4; lastKnownFileType = sourcecode.swift; path = BarcodeScannerViewController.swift; sourceTree = "<group>"; };
		CEB7857A27C68DD500B8F3D9 /* LocalHeroViewController.swift */ = {isa = PBXFileReference; lastKnownFileType = sourcecode.swift; path = LocalHeroViewController.swift; sourceTree = "<group>"; };
		CEB7858827C69C5900B8F3D9 /* Strings.swift */ = {isa = PBXFileReference; fileEncoding = 4; lastKnownFileType = sourcecode.swift; path = Strings.swift; sourceTree = "<group>"; };
		CEB7858927C69C5900B8F3D9 /* Assets.swift */ = {isa = PBXFileReference; fileEncoding = 4; lastKnownFileType = sourcecode.swift; path = Assets.swift; sourceTree = "<group>"; };
		CEB7858D27C6A52A00B8F3D9 /* Localizable.strings */ = {isa = PBXFileReference; lastKnownFileType = text.plist.strings; path = Localizable.strings; sourceTree = "<group>"; };
		CEB7858F27C78BA600B8F3D9 /* HapticFeedbackUtil.swift */ = {isa = PBXFileReference; lastKnownFileType = sourcecode.swift; path = HapticFeedbackUtil.swift; sourceTree = "<group>"; };
		CEB7859127C7A1CA00B8F3D9 /* Wallet.swift */ = {isa = PBXFileReference; lastKnownFileType = sourcecode.swift; path = Wallet.swift; sourceTree = "<group>"; };
		CED4B5892A7E44F584164E64 /* Pods_LocalHero.framework */ = {isa = PBXFileReference; explicitFileType = wrapper.framework; includeInIndex = 0; path = Pods_LocalHero.framework; sourceTree = BUILT_PRODUCTS_DIR; };
		D1766804A86B9C95D3203647 /* Pods_LocalHero_LocalHeroUITests.framework */ = {isa = PBXFileReference; explicitFileType = wrapper.framework; includeInIndex = 0; path = Pods_LocalHero_LocalHeroUITests.framework; sourceTree = BUILT_PRODUCTS_DIR; };
/* End PBXFileReference section */

/* Begin PBXFrameworksBuildPhase section */
		CE4EBAFF27BCF67200A5CA31 /* Frameworks */ = {
			isa = PBXFrameworksBuildPhase;
			buildActionMask = 2147483647;
			files = (
				CEB7854627C542C300B8F3D9 /* FirebaseStorageSwift-Beta in Frameworks */,
				133F3207AE27BFE685E0AE3F /* Pods_LocalHero.framework in Frameworks */,
				CEB7855D27C63E9200B8F3D9 /* JWTDecode in Frameworks */,
				CEB7855727C63BAE00B8F3D9 /* KeychainAccess in Frameworks */,
				CEB7854427C542C300B8F3D9 /* FirebaseStorage in Frameworks */,
				CEB7854927C5485300B8F3D9 /* Alamofire in Frameworks */,
				CEB7854227C542C300B8F3D9 /* FirebaseRemoteConfigSwift-Beta in Frameworks */,
				CEB7854027C542C300B8F3D9 /* FirebaseRemoteConfig in Frameworks */,
			);
			runOnlyForDeploymentPostprocessing = 0;
		};
		CE4EBB1527BCF67700A5CA31 /* Frameworks */ = {
			isa = PBXFrameworksBuildPhase;
			buildActionMask = 2147483647;
			files = (
				AB7D768F174F299ADE9DB63F /* Pods_LocalHeroTests.framework in Frameworks */,
			);
			runOnlyForDeploymentPostprocessing = 0;
		};
		CE4EBB1F27BCF67700A5CA31 /* Frameworks */ = {
			isa = PBXFrameworksBuildPhase;
			buildActionMask = 2147483647;
			files = (
				33CA44BE0D9E3D0B62A76197 /* Pods_LocalHero_LocalHeroUITests.framework in Frameworks */,
			);
			runOnlyForDeploymentPostprocessing = 0;
		};
/* End PBXFrameworksBuildPhase section */

/* Begin PBXGroup section */
		B50659EC64B1159398EC1E0F /* Pods */ = {
			isa = PBXGroup;
			children = (
				270A916EF0552327F70FB92B /* Pods-LocalHero.alpha.xcconfig */,
				2A8D1DAE675C5CEC8D2C4417 /* Pods-LocalHero.app store.xcconfig */,
				6A1026485A9C4DE8661FAA4D /* Pods-LocalHero-LocalHeroUITests.alpha.xcconfig */,
				12CF2699D9C33A9CDC729398 /* Pods-LocalHero-LocalHeroUITests.app store.xcconfig */,
				6CC35D9037BC21944E7407C8 /* Pods-LocalHeroTests.alpha.xcconfig */,
				B96EBD58640E2D6B66439F12 /* Pods-LocalHeroTests.app store.xcconfig */,
				2D6E86CB5718591659327E8A /* Pods-LocalHero.beta.xcconfig */,
				C3F4AFC3A4E4CA0746D45B6E /* Pods-LocalHero.app store (internal).xcconfig */,
				5AB36718DF7AB4B798E94D7E /* Pods-LocalHero-LocalHeroUITests.beta.xcconfig */,
				3F41E10A202628930486C713 /* Pods-LocalHero-LocalHeroUITests.app store (internal).xcconfig */,
				5C9385C81E79565BD5BAF0F5 /* Pods-LocalHeroTests.beta.xcconfig */,
				9D8E69498ECD5945AFDC2B47 /* Pods-LocalHeroTests.app store (internal).xcconfig */,
			);
			path = Pods;
			sourceTree = "<group>";
		};
		C467ABE9AE29EB6A3D910F57 /* Frameworks */ = {
			isa = PBXGroup;
			children = (
				CED4B5892A7E44F584164E64 /* Pods_LocalHero.framework */,
				D1766804A86B9C95D3203647 /* Pods_LocalHero_LocalHeroUITests.framework */,
				7CF46EB728F27F00C408AE54 /* Pods_LocalHeroTests.framework */,
			);
			name = Frameworks;
			sourceTree = "<group>";
		};
		CE4EBAF927BCF67100A5CA31 = {
			isa = PBXGroup;
			children = (
				CE4EBB3927BD038C00A5CA31 /* README.md */,
				CE4EBB4D27BFC12D00A5CA31 /* GoogleService-Info.plist */,
				CE4EBB0427BCF67200A5CA31 /* LocalHero */,
				CE4EBB1B27BCF67700A5CA31 /* LocalHeroTests */,
				CE4EBB2527BCF67800A5CA31 /* LocalHeroUITests */,
				CE4EBB4527BD6DA600A5CA31 /* Configuration */,
				CE4EBB0327BCF67200A5CA31 /* Products */,
				B50659EC64B1159398EC1E0F /* Pods */,
				C467ABE9AE29EB6A3D910F57 /* Frameworks */,
			);
			sourceTree = "<group>";
		};
		CE4EBB0327BCF67200A5CA31 /* Products */ = {
			isa = PBXGroup;
			children = (
				CE4EBB0227BCF67200A5CA31 /* Local Hero α.app */,
				CE4EBB1827BCF67700A5CA31 /* LocalHeroTests.xctest */,
				CE4EBB2227BCF67700A5CA31 /* LocalHeroUITests.xctest */,
			);
			name = Products;
			sourceTree = "<group>";
		};
		CE4EBB0427BCF67200A5CA31 /* LocalHero */ = {
			isa = PBXGroup;
			children = (
				CE4EBB6127C5086800A5CA31 /* Info.plist */,
				CE4EBB0527BCF67200A5CA31 /* AppDelegate.swift */,
				CEB7859127C7A1CA00B8F3D9 /* Wallet.swift */,
				CEB7857C27C68E3400B8F3D9 /* LocalHeroUI */,
				CEB7855027C54CFF00B8F3D9 /* Error Handling */,
				CEB7856027C644DC00B8F3D9 /* Extensions */,
				CEB7853D27C53AE800B8F3D9 /* Networking */,
				CE4EBB3727BCFA3F00A5CA31 /* Resources */,
				CEB7853827C5320000B8F3D9 /* Routing */,
				CE4EBB3827BCFB1B00A5CA31 /* Screens */,
				CEB7857327C6862F00B8F3D9 /* BarcodeScanner */,
				CE4EBB3627BCFA3300A5CA31 /* Storyboards */,
				CE4EBB3527BCF96300A5CA31 /* Supporting Files */,
				CEB7853727C531D700B8F3D9 /* Utilities */,
			);
			path = LocalHero;
			sourceTree = "<group>";
		};
		CE4EBB1B27BCF67700A5CA31 /* LocalHeroTests */ = {
			isa = PBXGroup;
			children = (
				CE4EBB1C27BCF67700A5CA31 /* LocalHeroTests.swift */,
			);
			path = LocalHeroTests;
			sourceTree = "<group>";
		};
		CE4EBB2527BCF67800A5CA31 /* LocalHeroUITests */ = {
			isa = PBXGroup;
			children = (
				CE4EBB2627BCF67800A5CA31 /* LocalHeroUITests.swift */,
				CE4EBB2827BCF67800A5CA31 /* LocalHeroUITestsLaunchTests.swift */,
			);
			path = LocalHeroUITests;
			sourceTree = "<group>";
		};
		CE4EBB3527BCF96300A5CA31 /* Supporting Files */ = {
			isa = PBXGroup;
			children = (
				CEB7858727C69C5900B8F3D9 /* SwiftGen */,
				CEB7858D27C6A52A00B8F3D9 /* Localizable.strings */,
			);
			path = "Supporting Files";
			sourceTree = "<group>";
		};
		CE4EBB3627BCFA3300A5CA31 /* Storyboards */ = {
			isa = PBXGroup;
			children = (
				CE4EBB1027BCF67700A5CA31 /* LaunchScreen.storyboard */,
			);
			path = Storyboards;
			sourceTree = "<group>";
		};
		CE4EBB3727BCFA3F00A5CA31 /* Resources */ = {
			isa = PBXGroup;
			children = (
				CEB7856F27C6765600B8F3D9 /* bink.der */,
				CE4EBB0E27BCF67700A5CA31 /* Assets.xcassets */,
			);
			path = Resources;
			sourceTree = "<group>";
		};
		CE4EBB3827BCFB1B00A5CA31 /* Screens */ = {
			isa = PBXGroup;
			children = (
				CEB7856127C64C1000B8F3D9 /* LoyaltyPlans */,
				CEB7855827C63E1A00B8F3D9 /* Login */,
			);
			path = Screens;
			sourceTree = "<group>";
		};
		CE4EBB4527BD6DA600A5CA31 /* Configuration */ = {
			isa = PBXGroup;
			children = (
				CE4EBB4327BD6D6300A5CA31 /* Configuration.swift */,
				CE4EBB4627BD6E0900A5CA31 /* APIConstants.swift */,
				CE4EBB4827BD6F5700A5CA31 /* Dev.xcconfig */,
				CE4EBB4927BD6F7500A5CA31 /* Staging.xcconfig */,
				CE4EBB4A27BD6F8200A5CA31 /* Production.xcconfig */,
			);
			path = Configuration;
			sourceTree = "<group>";
		};
		CEB7853727C531D700B8F3D9 /* Utilities */ = {
			isa = PBXGroup;
			children = (
				CEB7858F27C78BA600B8F3D9 /* HapticFeedbackUtil.swift */,
				CEB7855327C639D800B8F3D9 /* UserManager.swift */,
				CEB7856D27C66D1200B8F3D9 /* SafeDecoding */,
				CEB7856E27C66D2500B8F3D9 /* World */,
			);
			path = Utilities;
			sourceTree = "<group>";
		};
		CEB7853827C5320000B8F3D9 /* Routing */ = {
			isa = PBXGroup;
			children = (
				CE4EBB5C27C4F82C00A5CA31 /* RootStateMachine.swift */,
			);
			path = Routing;
			sourceTree = "<group>";
		};
		CEB7853D27C53AE800B8F3D9 /* Networking */ = {
			isa = PBXGroup;
			children = (
				CEB7853A27C53AAE00B8F3D9 /* APIClient.swift */,
				CEB7856527C6549C00B8F3D9 /* APIErrorResponses.swift */,
				CEB7854C27C54C4800B8F3D9 /* NetworkingError.swift */,
				CEB7855127C5514D00B8F3D9 /* BinkHTTPHeaders.swift */,
				CEB7854A27C54A5C00B8F3D9 /* APIEndpoint.swift */,
			);
			path = Networking;
			sourceTree = "<group>";
		};
		CEB7855027C54CFF00B8F3D9 /* Error Handling */ = {
			isa = PBXGroup;
			children = (
				CEB7854E27C54CEC00B8F3D9 /* BinkError.swift */,
			);
			path = "Error Handling";
			sourceTree = "<group>";
		};
		CEB7855827C63E1A00B8F3D9 /* Login */ = {
			isa = PBXGroup;
			children = (
				CE4EBB0927BCF67200A5CA31 /* LoginViewController.swift */,
				CEB7855927C63E2C00B8F3D9 /* LoginResponse.swift */,
			);
			path = Login;
			sourceTree = "<group>";
		};
		CEB7856027C644DC00B8F3D9 /* Extensions */ = {
			isa = PBXGroup;
			children = (
				CEB7855E27C644D400B8F3D9 /* Bundle+Extension.swift */,
			);
			path = Extensions;
			sourceTree = "<group>";
		};
		CEB7856127C64C1000B8F3D9 /* LoyaltyPlans */ = {
			isa = PBXGroup;
			children = (
				CEB7856827C65F5B00B8F3D9 /* Models */,
				CEB7856327C64D1800B8F3D9 /* LoyaltyPlansTableViewController.swift */,
			);
			path = LoyaltyPlans;
			sourceTree = "<group>";
		};
		CEB7856827C65F5B00B8F3D9 /* Models */ = {
			isa = PBXGroup;
			children = (
				CEB7856927C65F6900B8F3D9 /* LoyaltyPlanModel.swift */,
			);
			path = Models;
			sourceTree = "<group>";
		};
		CEB7856D27C66D1200B8F3D9 /* SafeDecoding */ = {
			isa = PBXGroup;
			children = (
				CEB7856B27C66CFE00B8F3D9 /* SafeDecoding.swift */,
			);
			path = SafeDecoding;
			sourceTree = "<group>";
		};
		CEB7856E27C66D2500B8F3D9 /* World */ = {
			isa = PBXGroup;
			children = (
				CE4EBB5A27C4F7D400A5CA31 /* World.swift */,
			);
			path = World;
			sourceTree = "<group>";
		};
		CEB7857327C6862F00B8F3D9 /* BarcodeScanner */ = {
			isa = PBXGroup;
			children = (
				CEB7857827C6866B00B8F3D9 /* BarcodeScannerViewController.swift */,
			);
			name = BarcodeScanner;
			path = Screens/BarcodeScanner;
			sourceTree = "<group>";
		};
		CEB7857C27C68E3400B8F3D9 /* LocalHeroUI */ = {
			isa = PBXGroup;
			children = (
				CEB7857A27C68DD500B8F3D9 /* LocalHeroViewController.swift */,
			);
			path = LocalHeroUI;
			sourceTree = "<group>";
		};
		CEB7858727C69C5900B8F3D9 /* SwiftGen */ = {
			isa = PBXGroup;
			children = (
				CEB7858827C69C5900B8F3D9 /* Strings.swift */,
				CEB7858927C69C5900B8F3D9 /* Assets.swift */,
			);
			path = SwiftGen;
			sourceTree = "<group>";
		};
/* End PBXGroup section */

/* Begin PBXNativeTarget section */
		CE4EBB0127BCF67200A5CA31 /* LocalHero */ = {
			isa = PBXNativeTarget;
			buildConfigurationList = CE4EBB2C27BCF67800A5CA31 /* Build configuration list for PBXNativeTarget "LocalHero" */;
			buildPhases = (
				306981E622DEECAC72FFCAE3 /* [CP] Check Pods Manifest.lock */,
				CE4EBAFE27BCF67200A5CA31 /* Sources */,
				CE4EBAFF27BCF67200A5CA31 /* Frameworks */,
				CE4EBB0027BCF67200A5CA31 /* Resources */,
				CEB7858C27C6A2AF00B8F3D9 /* SwiftGen */,
			);
			buildRules = (
			);
			dependencies = (
			);
			name = LocalHero;
			packageProductDependencies = (
				CEB7853F27C542C300B8F3D9 /* FirebaseRemoteConfig */,
				CEB7854127C542C300B8F3D9 /* FirebaseRemoteConfigSwift-Beta */,
				CEB7854327C542C300B8F3D9 /* FirebaseStorage */,
				CEB7854527C542C300B8F3D9 /* FirebaseStorageSwift-Beta */,
				CEB7854827C5485300B8F3D9 /* Alamofire */,
				CEB7855627C63BAE00B8F3D9 /* KeychainAccess */,
				CEB7855C27C63E9200B8F3D9 /* JWTDecode */,
			);
			productName = LocalHero;
			productReference = CE4EBB0227BCF67200A5CA31 /* Local Hero α.app */;
			productType = "com.apple.product-type.application";
		};
		CE4EBB1727BCF67700A5CA31 /* LocalHeroTests */ = {
			isa = PBXNativeTarget;
			buildConfigurationList = CE4EBB2F27BCF67800A5CA31 /* Build configuration list for PBXNativeTarget "LocalHeroTests" */;
			buildPhases = (
				8DF723BA1959E88F12857464 /* [CP] Check Pods Manifest.lock */,
				CE4EBB1427BCF67700A5CA31 /* Sources */,
				CE4EBB1527BCF67700A5CA31 /* Frameworks */,
				CE4EBB1627BCF67700A5CA31 /* Resources */,
			);
			buildRules = (
			);
			dependencies = (
				CE4EBB1A27BCF67700A5CA31 /* PBXTargetDependency */,
			);
			name = LocalHeroTests;
			productName = LocalHeroTests;
			productReference = CE4EBB1827BCF67700A5CA31 /* LocalHeroTests.xctest */;
			productType = "com.apple.product-type.bundle.unit-test";
		};
		CE4EBB2127BCF67700A5CA31 /* LocalHeroUITests */ = {
			isa = PBXNativeTarget;
			buildConfigurationList = CE4EBB3227BCF67800A5CA31 /* Build configuration list for PBXNativeTarget "LocalHeroUITests" */;
			buildPhases = (
				0691D3F785928750C147F0B6 /* [CP] Check Pods Manifest.lock */,
				CE4EBB1E27BCF67700A5CA31 /* Sources */,
				CE4EBB1F27BCF67700A5CA31 /* Frameworks */,
				CE4EBB2027BCF67700A5CA31 /* Resources */,
			);
			buildRules = (
			);
			dependencies = (
				CE4EBB2427BCF67800A5CA31 /* PBXTargetDependency */,
			);
			name = LocalHeroUITests;
			productName = LocalHeroUITests;
			productReference = CE4EBB2227BCF67700A5CA31 /* LocalHeroUITests.xctest */;
			productType = "com.apple.product-type.bundle.ui-testing";
		};
/* End PBXNativeTarget section */

/* Begin PBXProject section */
		CE4EBAFA27BCF67100A5CA31 /* Project object */ = {
			isa = PBXProject;
			attributes = {
				BuildIndependentTargetsInParallel = 1;
				LastSwiftUpdateCheck = 1320;
				LastUpgradeCheck = 1320;
				TargetAttributes = {
					CE4EBB0127BCF67200A5CA31 = {
						CreatedOnToolsVersion = 13.2.1;
					};
					CE4EBB1727BCF67700A5CA31 = {
						CreatedOnToolsVersion = 13.2.1;
						TestTargetID = CE4EBB0127BCF67200A5CA31;
					};
					CE4EBB2127BCF67700A5CA31 = {
						CreatedOnToolsVersion = 13.2.1;
						TestTargetID = CE4EBB0127BCF67200A5CA31;
					};
				};
			};
			buildConfigurationList = CE4EBAFD27BCF67100A5CA31 /* Build configuration list for PBXProject "LocalHero" */;
			compatibilityVersion = "Xcode 13.0";
			developmentRegion = en;
			hasScannedForEncodings = 0;
			knownRegions = (
				en,
				Base,
			);
			mainGroup = CE4EBAF927BCF67100A5CA31;
			packageReferences = (
				CEB7853E27C542C300B8F3D9 /* XCRemoteSwiftPackageReference "firebase-ios-sdk" */,
				CEB7854727C5485200B8F3D9 /* XCRemoteSwiftPackageReference "Alamofire" */,
				CEB7855527C63BAE00B8F3D9 /* XCRemoteSwiftPackageReference "KeychainAccess" */,
				CEB7855B27C63E9200B8F3D9 /* XCRemoteSwiftPackageReference "JWTDecode.swift" */,
			);
			productRefGroup = CE4EBB0327BCF67200A5CA31 /* Products */;
			projectDirPath = "";
			projectRoot = "";
			targets = (
				CE4EBB0127BCF67200A5CA31 /* LocalHero */,
				CE4EBB1727BCF67700A5CA31 /* LocalHeroTests */,
				CE4EBB2127BCF67700A5CA31 /* LocalHeroUITests */,
			);
		};
/* End PBXProject section */

/* Begin PBXResourcesBuildPhase section */
		CE4EBB0027BCF67200A5CA31 /* Resources */ = {
			isa = PBXResourcesBuildPhase;
			buildActionMask = 2147483647;
			files = (
				CE4EBB1227BCF67700A5CA31 /* LaunchScreen.storyboard in Resources */,
				CEB7858E27C6A52A00B8F3D9 /* Localizable.strings in Resources */,
				CEB7857027C6765600B8F3D9 /* bink.der in Resources */,
				CE4EBB0F27BCF67700A5CA31 /* Assets.xcassets in Resources */,
				CE4EBB4E27BFC12E00A5CA31 /* GoogleService-Info.plist in Resources */,
				CE4EBB3A27BD038C00A5CA31 /* README.md in Resources */,
			);
			runOnlyForDeploymentPostprocessing = 0;
		};
		CE4EBB1627BCF67700A5CA31 /* Resources */ = {
			isa = PBXResourcesBuildPhase;
			buildActionMask = 2147483647;
			files = (
			);
			runOnlyForDeploymentPostprocessing = 0;
		};
		CE4EBB2027BCF67700A5CA31 /* Resources */ = {
			isa = PBXResourcesBuildPhase;
			buildActionMask = 2147483647;
			files = (
			);
			runOnlyForDeploymentPostprocessing = 0;
		};
/* End PBXResourcesBuildPhase section */

/* Begin PBXShellScriptBuildPhase section */
		0691D3F785928750C147F0B6 /* [CP] Check Pods Manifest.lock */ = {
			isa = PBXShellScriptBuildPhase;
			buildActionMask = 2147483647;
			files = (
			);
			inputFileListPaths = (
			);
			inputPaths = (
				"${PODS_PODFILE_DIR_PATH}/Podfile.lock",
				"${PODS_ROOT}/Manifest.lock",
			);
			name = "[CP] Check Pods Manifest.lock";
			outputFileListPaths = (
			);
			outputPaths = (
				"$(DERIVED_FILE_DIR)/Pods-LocalHero-LocalHeroUITests-checkManifestLockResult.txt",
			);
			runOnlyForDeploymentPostprocessing = 0;
			shellPath = /bin/sh;
			shellScript = "diff \"${PODS_PODFILE_DIR_PATH}/Podfile.lock\" \"${PODS_ROOT}/Manifest.lock\" > /dev/null\nif [ $? != 0 ] ; then\n    # print error to STDERR\n    echo \"error: The sandbox is not in sync with the Podfile.lock. Run 'pod install' or update your CocoaPods installation.\" >&2\n    exit 1\nfi\n# This output is used by Xcode 'outputs' to avoid re-running this script phase.\necho \"SUCCESS\" > \"${SCRIPT_OUTPUT_FILE_0}\"\n";
			showEnvVarsInLog = 0;
		};
		306981E622DEECAC72FFCAE3 /* [CP] Check Pods Manifest.lock */ = {
			isa = PBXShellScriptBuildPhase;
			buildActionMask = 2147483647;
			files = (
			);
			inputFileListPaths = (
			);
			inputPaths = (
				"${PODS_PODFILE_DIR_PATH}/Podfile.lock",
				"${PODS_ROOT}/Manifest.lock",
			);
			name = "[CP] Check Pods Manifest.lock";
			outputFileListPaths = (
			);
			outputPaths = (
				"$(DERIVED_FILE_DIR)/Pods-LocalHero-checkManifestLockResult.txt",
			);
			runOnlyForDeploymentPostprocessing = 0;
			shellPath = /bin/sh;
			shellScript = "diff \"${PODS_PODFILE_DIR_PATH}/Podfile.lock\" \"${PODS_ROOT}/Manifest.lock\" > /dev/null\nif [ $? != 0 ] ; then\n    # print error to STDERR\n    echo \"error: The sandbox is not in sync with the Podfile.lock. Run 'pod install' or update your CocoaPods installation.\" >&2\n    exit 1\nfi\n# This output is used by Xcode 'outputs' to avoid re-running this script phase.\necho \"SUCCESS\" > \"${SCRIPT_OUTPUT_FILE_0}\"\n";
			showEnvVarsInLog = 0;
		};
		8DF723BA1959E88F12857464 /* [CP] Check Pods Manifest.lock */ = {
			isa = PBXShellScriptBuildPhase;
			buildActionMask = 2147483647;
			files = (
			);
			inputFileListPaths = (
			);
			inputPaths = (
				"${PODS_PODFILE_DIR_PATH}/Podfile.lock",
				"${PODS_ROOT}/Manifest.lock",
			);
			name = "[CP] Check Pods Manifest.lock";
			outputFileListPaths = (
			);
			outputPaths = (
				"$(DERIVED_FILE_DIR)/Pods-LocalHeroTests-checkManifestLockResult.txt",
			);
			runOnlyForDeploymentPostprocessing = 0;
			shellPath = /bin/sh;
			shellScript = "diff \"${PODS_PODFILE_DIR_PATH}/Podfile.lock\" \"${PODS_ROOT}/Manifest.lock\" > /dev/null\nif [ $? != 0 ] ; then\n    # print error to STDERR\n    echo \"error: The sandbox is not in sync with the Podfile.lock. Run 'pod install' or update your CocoaPods installation.\" >&2\n    exit 1\nfi\n# This output is used by Xcode 'outputs' to avoid re-running this script phase.\necho \"SUCCESS\" > \"${SCRIPT_OUTPUT_FILE_0}\"\n";
			showEnvVarsInLog = 0;
		};
		CEB7858C27C6A2AF00B8F3D9 /* SwiftGen */ = {
			isa = PBXShellScriptBuildPhase;
			buildActionMask = 2147483647;
			files = (
			);
			inputFileListPaths = (
			);
			inputPaths = (
			);
			name = SwiftGen;
			outputFileListPaths = (
			);
			outputPaths = (
			);
			runOnlyForDeploymentPostprocessing = 0;
			shellPath = /bin/sh;
			shellScript = "if [[ -f \"${PODS_ROOT}/SwiftGen/bin/swiftgen\" ]]; then\n  \"${PODS_ROOT}/SwiftGen/bin/swiftgen\"\nelse\n  echo \"warning: SwiftGen is not installed. Run 'pod install --repo-update' to install it.\"\nfi\n";
		};
/* End PBXShellScriptBuildPhase section */

/* Begin PBXSourcesBuildPhase section */
		CE4EBAFE27BCF67200A5CA31 /* Sources */ = {
			isa = PBXSourcesBuildPhase;
			buildActionMask = 2147483647;
			files = (
				CEB7859227C7A1CA00B8F3D9 /* Wallet.swift in Sources */,
				CE4EBB5D27C4F82C00A5CA31 /* RootStateMachine.swift in Sources */,
				CEB7855F27C644D400B8F3D9 /* Bundle+Extension.swift in Sources */,
				CEB7859027C78BA600B8F3D9 /* HapticFeedbackUtil.swift in Sources */,
				CEB7853B27C53AAE00B8F3D9 /* APIClient.swift in Sources */,
				CEB7856727C65CDC00B8F3D9 /* LoyaltyPlansTableViewController.swift in Sources */,
				CE4EBB5B27C4F7D400A5CA31 /* World.swift in Sources */,
				CEB7856C27C66CFE00B8F3D9 /* SafeDecoding.swift in Sources */,
				CE4EBB0A27BCF67200A5CA31 /* LoginViewController.swift in Sources */,
				CEB7854D27C54C4800B8F3D9 /* NetworkingError.swift in Sources */,
				CEB7857B27C68DD500B8F3D9 /* LocalHeroViewController.swift in Sources */,
				CE4EBB4727BD6E0900A5CA31 /* APIConstants.swift in Sources */,
				CEB7856627C6549C00B8F3D9 /* APIErrorResponses.swift in Sources */,
				CEB7855A27C63E2C00B8F3D9 /* LoginResponse.swift in Sources */,
				CEB7858B27C69C5900B8F3D9 /* Assets.swift in Sources */,
				CEB7855427C639D800B8F3D9 /* UserManager.swift in Sources */,
				CEB7858A27C69C5900B8F3D9 /* Strings.swift in Sources */,
				CEB7857927C6866B00B8F3D9 /* BarcodeScannerViewController.swift in Sources */,
				CE4EBB0627BCF67200A5CA31 /* AppDelegate.swift in Sources */,
				CE4EBB4427BD6D6300A5CA31 /* Configuration.swift in Sources */,
				CEB7856A27C65F6F00B8F3D9 /* LoyaltyPlanModel.swift in Sources */,
				CEB7855227C5514D00B8F3D9 /* BinkHTTPHeaders.swift in Sources */,
				CEB7854F27C54CEC00B8F3D9 /* BinkError.swift in Sources */,
				CEB7854B27C54A5C00B8F3D9 /* APIEndpoint.swift in Sources */,
			);
			runOnlyForDeploymentPostprocessing = 0;
		};
		CE4EBB1427BCF67700A5CA31 /* Sources */ = {
			isa = PBXSourcesBuildPhase;
			buildActionMask = 2147483647;
			files = (
				CE4EBB1D27BCF67700A5CA31 /* LocalHeroTests.swift in Sources */,
			);
			runOnlyForDeploymentPostprocessing = 0;
		};
		CE4EBB1E27BCF67700A5CA31 /* Sources */ = {
			isa = PBXSourcesBuildPhase;
			buildActionMask = 2147483647;
			files = (
				CE4EBB2927BCF67800A5CA31 /* LocalHeroUITestsLaunchTests.swift in Sources */,
				CE4EBB2727BCF67800A5CA31 /* LocalHeroUITests.swift in Sources */,
			);
			runOnlyForDeploymentPostprocessing = 0;
		};
/* End PBXSourcesBuildPhase section */

/* Begin PBXTargetDependency section */
		CE4EBB1A27BCF67700A5CA31 /* PBXTargetDependency */ = {
			isa = PBXTargetDependency;
			target = CE4EBB0127BCF67200A5CA31 /* LocalHero */;
			targetProxy = CE4EBB1927BCF67700A5CA31 /* PBXContainerItemProxy */;
		};
		CE4EBB2427BCF67800A5CA31 /* PBXTargetDependency */ = {
			isa = PBXTargetDependency;
			target = CE4EBB0127BCF67200A5CA31 /* LocalHero */;
			targetProxy = CE4EBB2327BCF67800A5CA31 /* PBXContainerItemProxy */;
		};
/* End PBXTargetDependency section */

/* Begin PBXVariantGroup section */
		CE4EBB1027BCF67700A5CA31 /* LaunchScreen.storyboard */ = {
			isa = PBXVariantGroup;
			children = (
				CE4EBB1127BCF67700A5CA31 /* Base */,
			);
			name = LaunchScreen.storyboard;
			sourceTree = "<group>";
		};
/* End PBXVariantGroup section */

/* Begin XCBuildConfiguration section */
		CE4EBB2A27BCF67800A5CA31 /* Alpha */ = {
			isa = XCBuildConfiguration;
			baseConfigurationReference = CE4EBB4827BD6F5700A5CA31 /* Dev.xcconfig */;
			buildSettings = {
				ALWAYS_SEARCH_USER_PATHS = NO;
				CLANG_ANALYZER_NONNULL = YES;
				CLANG_ANALYZER_NUMBER_OBJECT_CONVERSION = YES_AGGRESSIVE;
				CLANG_CXX_LANGUAGE_STANDARD = "gnu++17";
				CLANG_CXX_LIBRARY = "libc++";
				CLANG_ENABLE_MODULES = YES;
				CLANG_ENABLE_OBJC_ARC = YES;
				CLANG_ENABLE_OBJC_WEAK = YES;
				CLANG_WARN_BLOCK_CAPTURE_AUTORELEASING = YES;
				CLANG_WARN_BOOL_CONVERSION = YES;
				CLANG_WARN_COMMA = YES;
				CLANG_WARN_CONSTANT_CONVERSION = YES;
				CLANG_WARN_DEPRECATED_OBJC_IMPLEMENTATIONS = YES;
				CLANG_WARN_DIRECT_OBJC_ISA_USAGE = YES_ERROR;
				CLANG_WARN_DOCUMENTATION_COMMENTS = YES;
				CLANG_WARN_EMPTY_BODY = YES;
				CLANG_WARN_ENUM_CONVERSION = YES;
				CLANG_WARN_INFINITE_RECURSION = YES;
				CLANG_WARN_INT_CONVERSION = YES;
				CLANG_WARN_NON_LITERAL_NULL_CONVERSION = YES;
				CLANG_WARN_OBJC_IMPLICIT_RETAIN_SELF = YES;
				CLANG_WARN_OBJC_LITERAL_CONVERSION = YES;
				CLANG_WARN_OBJC_ROOT_CLASS = YES_ERROR;
				CLANG_WARN_QUOTED_INCLUDE_IN_FRAMEWORK_HEADER = YES;
				CLANG_WARN_RANGE_LOOP_ANALYSIS = YES;
				CLANG_WARN_STRICT_PROTOTYPES = YES;
				CLANG_WARN_SUSPICIOUS_MOVE = YES;
				CLANG_WARN_UNGUARDED_AVAILABILITY = YES_AGGRESSIVE;
				CLANG_WARN_UNREACHABLE_CODE = YES;
				CLANG_WARN__DUPLICATE_METHOD_MATCH = YES;
				COPY_PHASE_STRIP = NO;
				DEBUG_INFORMATION_FORMAT = dwarf;
				ENABLE_STRICT_OBJC_MSGSEND = YES;
				ENABLE_TESTABILITY = YES;
				GCC_C_LANGUAGE_STANDARD = gnu11;
				GCC_DYNAMIC_NO_PIC = NO;
				GCC_NO_COMMON_BLOCKS = YES;
				GCC_OPTIMIZATION_LEVEL = 0;
				GCC_PREPROCESSOR_DEFINITIONS = (
					"DEBUG=1",
					"$(inherited)",
				);
				GCC_WARN_64_TO_32_BIT_CONVERSION = YES;
				GCC_WARN_ABOUT_RETURN_TYPE = YES_ERROR;
				GCC_WARN_UNDECLARED_SELECTOR = YES;
				GCC_WARN_UNINITIALIZED_AUTOS = YES_AGGRESSIVE;
				GCC_WARN_UNUSED_FUNCTION = YES;
				GCC_WARN_UNUSED_VARIABLE = YES;
				IPHONEOS_DEPLOYMENT_TARGET = 15.2;
				MTL_ENABLE_DEBUG_INFO = INCLUDE_SOURCE;
				MTL_FAST_MATH = YES;
				ONLY_ACTIVE_ARCH = YES;
				SDKROOT = iphoneos;
				SWIFT_ACTIVE_COMPILATION_CONDITIONS = DEBUG;
				SWIFT_OPTIMIZATION_LEVEL = "-Onone";
			};
			name = Alpha;
		};
		CE4EBB2B27BCF67800A5CA31 /* App Store */ = {
			isa = XCBuildConfiguration;
			baseConfigurationReference = CE4EBB4A27BD6F8200A5CA31 /* Production.xcconfig */;
			buildSettings = {
				ALWAYS_SEARCH_USER_PATHS = NO;
				CLANG_ANALYZER_NONNULL = YES;
				CLANG_ANALYZER_NUMBER_OBJECT_CONVERSION = YES_AGGRESSIVE;
				CLANG_CXX_LANGUAGE_STANDARD = "gnu++17";
				CLANG_CXX_LIBRARY = "libc++";
				CLANG_ENABLE_MODULES = YES;
				CLANG_ENABLE_OBJC_ARC = YES;
				CLANG_ENABLE_OBJC_WEAK = YES;
				CLANG_WARN_BLOCK_CAPTURE_AUTORELEASING = YES;
				CLANG_WARN_BOOL_CONVERSION = YES;
				CLANG_WARN_COMMA = YES;
				CLANG_WARN_CONSTANT_CONVERSION = YES;
				CLANG_WARN_DEPRECATED_OBJC_IMPLEMENTATIONS = YES;
				CLANG_WARN_DIRECT_OBJC_ISA_USAGE = YES_ERROR;
				CLANG_WARN_DOCUMENTATION_COMMENTS = YES;
				CLANG_WARN_EMPTY_BODY = YES;
				CLANG_WARN_ENUM_CONVERSION = YES;
				CLANG_WARN_INFINITE_RECURSION = YES;
				CLANG_WARN_INT_CONVERSION = YES;
				CLANG_WARN_NON_LITERAL_NULL_CONVERSION = YES;
				CLANG_WARN_OBJC_IMPLICIT_RETAIN_SELF = YES;
				CLANG_WARN_OBJC_LITERAL_CONVERSION = YES;
				CLANG_WARN_OBJC_ROOT_CLASS = YES_ERROR;
				CLANG_WARN_QUOTED_INCLUDE_IN_FRAMEWORK_HEADER = YES;
				CLANG_WARN_RANGE_LOOP_ANALYSIS = YES;
				CLANG_WARN_STRICT_PROTOTYPES = YES;
				CLANG_WARN_SUSPICIOUS_MOVE = YES;
				CLANG_WARN_UNGUARDED_AVAILABILITY = YES_AGGRESSIVE;
				CLANG_WARN_UNREACHABLE_CODE = YES;
				CLANG_WARN__DUPLICATE_METHOD_MATCH = YES;
				COPY_PHASE_STRIP = NO;
				DEBUG_INFORMATION_FORMAT = "dwarf-with-dsym";
				ENABLE_NS_ASSERTIONS = NO;
				ENABLE_STRICT_OBJC_MSGSEND = YES;
				GCC_C_LANGUAGE_STANDARD = gnu11;
				GCC_NO_COMMON_BLOCKS = YES;
				GCC_WARN_64_TO_32_BIT_CONVERSION = YES;
				GCC_WARN_ABOUT_RETURN_TYPE = YES_ERROR;
				GCC_WARN_UNDECLARED_SELECTOR = YES;
				GCC_WARN_UNINITIALIZED_AUTOS = YES_AGGRESSIVE;
				GCC_WARN_UNUSED_FUNCTION = YES;
				GCC_WARN_UNUSED_VARIABLE = YES;
				IPHONEOS_DEPLOYMENT_TARGET = 15.2;
				MTL_ENABLE_DEBUG_INFO = NO;
				MTL_FAST_MATH = YES;
				SDKROOT = iphoneos;
				SWIFT_COMPILATION_MODE = wholemodule;
				SWIFT_OPTIMIZATION_LEVEL = "-O";
				VALIDATE_PRODUCT = YES;
			};
			name = "App Store";
		};
		CE4EBB2D27BCF67800A5CA31 /* Alpha */ = {
			isa = XCBuildConfiguration;
			baseConfigurationReference = 270A916EF0552327F70FB92B /* Pods-LocalHero.alpha.xcconfig */;
			buildSettings = {
				ASSETCATALOG_COMPILER_APPICON_NAME = AppIcon;
				ASSETCATALOG_COMPILER_GLOBAL_ACCENT_COLOR_NAME = AccentColor;
				CODE_SIGN_IDENTITY = "iPhone Developer";
				CODE_SIGN_STYLE = Manual;
				CURRENT_PROJECT_VERSION = 1;
				DEVELOPMENT_TEAM = HC34M8YE55;
				GENERATE_INFOPLIST_FILE = YES;
				IBSC_MODULE = "$(PRODUCT_MODULE_NAME)";
				INFOPLIST_FILE = LocalHero/Info.plist;
				INFOPLIST_KEY_NSCameraUsageDescription = "Local Heroes need your permission to use your camera please";
				INFOPLIST_KEY_UIApplicationSupportsIndirectInputEvents = YES;
				INFOPLIST_KEY_UILaunchStoryboardName = LaunchScreen;
				INFOPLIST_KEY_UISupportedInterfaceOrientations = "";
				INFOPLIST_KEY_UISupportedInterfaceOrientations_iPad = "UIInterfaceOrientationPortrait UIInterfaceOrientationPortraitUpsideDown UIInterfaceOrientationLandscapeLeft UIInterfaceOrientationLandscapeRight";
				INFOPLIST_KEY_UISupportedInterfaceOrientations_iPhone = "UIInterfaceOrientationPortrait UIInterfaceOrientationLandscapeLeft UIInterfaceOrientationLandscapeRight";
				LD_RUNPATH_SEARCH_PATHS = (
					"$(inherited)",
					"@executable_path/Frameworks",
				);
				MARKETING_VERSION = 1.0;
				PRODUCT_BUNDLE_IDENTIFIER = com.bink.localhero.alpha;
				PRODUCT_MODULE_NAME = LocalHero;
				PRODUCT_NAME = "Local Hero α";
				PROVISIONING_PROFILE_SPECIFIER = "match Development com.bink.localhero.alpha";
				SWIFT_EMIT_LOC_STRINGS = YES;
				SWIFT_VERSION = 5.0;
				TARGETED_DEVICE_FAMILY = "1,2";
			};
			name = Alpha;
		};
		CE4EBB2E27BCF67800A5CA31 /* App Store */ = {
			isa = XCBuildConfiguration;
			baseConfigurationReference = 2A8D1DAE675C5CEC8D2C4417 /* Pods-LocalHero.app store.xcconfig */;
			buildSettings = {
				ASSETCATALOG_COMPILER_APPICON_NAME = AppIcon;
				ASSETCATALOG_COMPILER_GLOBAL_ACCENT_COLOR_NAME = AccentColor;
				CODE_SIGN_IDENTITY = "iPhone Distribution";
				CODE_SIGN_STYLE = Manual;
				CURRENT_PROJECT_VERSION = 1;
				DEVELOPMENT_TEAM = HC34M8YE55;
				GENERATE_INFOPLIST_FILE = YES;
				IBSC_MODULE = "$(PRODUCT_MODULE_NAME)";
				INFOPLIST_FILE = LocalHero/Info.plist;
				INFOPLIST_KEY_NSCameraUsageDescription = "Local Heroes need your permission to use your camera please";
				INFOPLIST_KEY_UIApplicationSupportsIndirectInputEvents = YES;
				INFOPLIST_KEY_UILaunchStoryboardName = LaunchScreen;
				INFOPLIST_KEY_UISupportedInterfaceOrientations = "";
				INFOPLIST_KEY_UISupportedInterfaceOrientations_iPad = "UIInterfaceOrientationPortrait UIInterfaceOrientationPortraitUpsideDown UIInterfaceOrientationLandscapeLeft UIInterfaceOrientationLandscapeRight";
				INFOPLIST_KEY_UISupportedInterfaceOrientations_iPhone = "UIInterfaceOrientationPortrait UIInterfaceOrientationLandscapeLeft UIInterfaceOrientationLandscapeRight";
				LD_RUNPATH_SEARCH_PATHS = (
					"$(inherited)",
					"@executable_path/Frameworks",
				);
				MARKETING_VERSION = 1.0;
				PRODUCT_BUNDLE_IDENTIFIER = com.bink.localhero;
				PRODUCT_MODULE_NAME = LocalHero;
				PRODUCT_NAME = "Local Hero";
				PROVISIONING_PROFILE_SPECIFIER = "match AppStore com.bink.localhero";
				SWIFT_EMIT_LOC_STRINGS = YES;
				SWIFT_VERSION = 5.0;
				TARGETED_DEVICE_FAMILY = "1,2";
			};
			name = "App Store";
		};
		CE4EBB3027BCF67800A5CA31 /* Alpha */ = {
			isa = XCBuildConfiguration;
			baseConfigurationReference = 6CC35D9037BC21944E7407C8 /* Pods-LocalHeroTests.alpha.xcconfig */;
			buildSettings = {
				ALWAYS_EMBED_SWIFT_STANDARD_LIBRARIES = YES;
				BUNDLE_LOADER = "$(TEST_HOST)";
				CODE_SIGN_STYLE = Automatic;
				CURRENT_PROJECT_VERSION = 1;
				DEVELOPMENT_TEAM = HC34M8YE55;
				GENERATE_INFOPLIST_FILE = YES;
				IPHONEOS_DEPLOYMENT_TARGET = 15.2;
				MARKETING_VERSION = 1.0;
				PRODUCT_BUNDLE_IDENTIFIER = com.bink.localhero.LocalHeroTests;
				PRODUCT_NAME = "$(TARGET_NAME)";
				SWIFT_EMIT_LOC_STRINGS = NO;
				SWIFT_VERSION = 5.0;
				TARGETED_DEVICE_FAMILY = "1,2";
				TEST_HOST = "$(BUILT_PRODUCTS_DIR)/LocalHero.app/LocalHero";
			};
			name = Alpha;
		};
		CE4EBB3127BCF67800A5CA31 /* App Store */ = {
			isa = XCBuildConfiguration;
			baseConfigurationReference = B96EBD58640E2D6B66439F12 /* Pods-LocalHeroTests.app store.xcconfig */;
			buildSettings = {
				ALWAYS_EMBED_SWIFT_STANDARD_LIBRARIES = YES;
				BUNDLE_LOADER = "$(TEST_HOST)";
				CODE_SIGN_STYLE = Automatic;
				CURRENT_PROJECT_VERSION = 1;
				DEVELOPMENT_TEAM = HC34M8YE55;
				GENERATE_INFOPLIST_FILE = YES;
				IPHONEOS_DEPLOYMENT_TARGET = 15.2;
				MARKETING_VERSION = 1.0;
				PRODUCT_BUNDLE_IDENTIFIER = com.bink.localhero.LocalHeroTests;
				PRODUCT_NAME = "$(TARGET_NAME)";
				SWIFT_EMIT_LOC_STRINGS = NO;
				SWIFT_VERSION = 5.0;
				TARGETED_DEVICE_FAMILY = "1,2";
				TEST_HOST = "$(BUILT_PRODUCTS_DIR)/LocalHero.app/LocalHero";
			};
			name = "App Store";
		};
		CE4EBB3327BCF67800A5CA31 /* Alpha */ = {
			isa = XCBuildConfiguration;
			baseConfigurationReference = 6A1026485A9C4DE8661FAA4D /* Pods-LocalHero-LocalHeroUITests.alpha.xcconfig */;
			buildSettings = {
				ALWAYS_EMBED_SWIFT_STANDARD_LIBRARIES = YES;
				CODE_SIGN_STYLE = Automatic;
				CURRENT_PROJECT_VERSION = 1;
				DEVELOPMENT_TEAM = HC34M8YE55;
				GENERATE_INFOPLIST_FILE = YES;
				MARKETING_VERSION = 1.0;
				PRODUCT_BUNDLE_IDENTIFIER = com.bink.localhero.LocalHeroUITests;
				PRODUCT_NAME = "$(TARGET_NAME)";
				SWIFT_EMIT_LOC_STRINGS = NO;
				SWIFT_VERSION = 5.0;
				TARGETED_DEVICE_FAMILY = "1,2";
				TEST_TARGET_NAME = LocalHero;
			};
			name = Alpha;
		};
		CE4EBB3427BCF67800A5CA31 /* App Store */ = {
			isa = XCBuildConfiguration;
			baseConfigurationReference = 12CF2699D9C33A9CDC729398 /* Pods-LocalHero-LocalHeroUITests.app store.xcconfig */;
			buildSettings = {
				ALWAYS_EMBED_SWIFT_STANDARD_LIBRARIES = YES;
				CODE_SIGN_STYLE = Automatic;
				CURRENT_PROJECT_VERSION = 1;
				DEVELOPMENT_TEAM = HC34M8YE55;
				GENERATE_INFOPLIST_FILE = YES;
				MARKETING_VERSION = 1.0;
				PRODUCT_BUNDLE_IDENTIFIER = com.bink.localhero.LocalHeroUITests;
				PRODUCT_NAME = "$(TARGET_NAME)";
				SWIFT_EMIT_LOC_STRINGS = NO;
				SWIFT_VERSION = 5.0;
				TARGETED_DEVICE_FAMILY = "1,2";
				TEST_TARGET_NAME = LocalHero;
			};
			name = "App Store";
		};
		CE4EBB3B27BD1B2800A5CA31 /* Beta */ = {
			isa = XCBuildConfiguration;
			baseConfigurationReference = CE4EBB4927BD6F7500A5CA31 /* Staging.xcconfig */;
			buildSettings = {
				ALWAYS_SEARCH_USER_PATHS = NO;
				CLANG_ANALYZER_NONNULL = YES;
				CLANG_ANALYZER_NUMBER_OBJECT_CONVERSION = YES_AGGRESSIVE;
				CLANG_CXX_LANGUAGE_STANDARD = "gnu++17";
				CLANG_CXX_LIBRARY = "libc++";
				CLANG_ENABLE_MODULES = YES;
				CLANG_ENABLE_OBJC_ARC = YES;
				CLANG_ENABLE_OBJC_WEAK = YES;
				CLANG_WARN_BLOCK_CAPTURE_AUTORELEASING = YES;
				CLANG_WARN_BOOL_CONVERSION = YES;
				CLANG_WARN_COMMA = YES;
				CLANG_WARN_CONSTANT_CONVERSION = YES;
				CLANG_WARN_DEPRECATED_OBJC_IMPLEMENTATIONS = YES;
				CLANG_WARN_DIRECT_OBJC_ISA_USAGE = YES_ERROR;
				CLANG_WARN_DOCUMENTATION_COMMENTS = YES;
				CLANG_WARN_EMPTY_BODY = YES;
				CLANG_WARN_ENUM_CONVERSION = YES;
				CLANG_WARN_INFINITE_RECURSION = YES;
				CLANG_WARN_INT_CONVERSION = YES;
				CLANG_WARN_NON_LITERAL_NULL_CONVERSION = YES;
				CLANG_WARN_OBJC_IMPLICIT_RETAIN_SELF = YES;
				CLANG_WARN_OBJC_LITERAL_CONVERSION = YES;
				CLANG_WARN_OBJC_ROOT_CLASS = YES_ERROR;
				CLANG_WARN_QUOTED_INCLUDE_IN_FRAMEWORK_HEADER = YES;
				CLANG_WARN_RANGE_LOOP_ANALYSIS = YES;
				CLANG_WARN_STRICT_PROTOTYPES = YES;
				CLANG_WARN_SUSPICIOUS_MOVE = YES;
				CLANG_WARN_UNGUARDED_AVAILABILITY = YES_AGGRESSIVE;
				CLANG_WARN_UNREACHABLE_CODE = YES;
				CLANG_WARN__DUPLICATE_METHOD_MATCH = YES;
				COPY_PHASE_STRIP = NO;
				DEBUG_INFORMATION_FORMAT = dwarf;
				ENABLE_STRICT_OBJC_MSGSEND = YES;
				ENABLE_TESTABILITY = YES;
				GCC_C_LANGUAGE_STANDARD = gnu11;
				GCC_DYNAMIC_NO_PIC = NO;
				GCC_NO_COMMON_BLOCKS = YES;
				GCC_OPTIMIZATION_LEVEL = 0;
				GCC_PREPROCESSOR_DEFINITIONS = (
					"DEBUG=1",
					"$(inherited)",
				);
				GCC_WARN_64_TO_32_BIT_CONVERSION = YES;
				GCC_WARN_ABOUT_RETURN_TYPE = YES_ERROR;
				GCC_WARN_UNDECLARED_SELECTOR = YES;
				GCC_WARN_UNINITIALIZED_AUTOS = YES_AGGRESSIVE;
				GCC_WARN_UNUSED_FUNCTION = YES;
				GCC_WARN_UNUSED_VARIABLE = YES;
				IPHONEOS_DEPLOYMENT_TARGET = 15.2;
				MTL_ENABLE_DEBUG_INFO = INCLUDE_SOURCE;
				MTL_FAST_MATH = YES;
				ONLY_ACTIVE_ARCH = YES;
				SDKROOT = iphoneos;
				SWIFT_ACTIVE_COMPILATION_CONDITIONS = DEBUG;
				SWIFT_OPTIMIZATION_LEVEL = "-Onone";
			};
			name = Beta;
		};
		CE4EBB3C27BD1B2800A5CA31 /* Beta */ = {
			isa = XCBuildConfiguration;
			baseConfigurationReference = 2D6E86CB5718591659327E8A /* Pods-LocalHero.beta.xcconfig */;
			buildSettings = {
				ASSETCATALOG_COMPILER_APPICON_NAME = AppIcon;
				ASSETCATALOG_COMPILER_GLOBAL_ACCENT_COLOR_NAME = AccentColor;
				CODE_SIGN_IDENTITY = "iPhone Distribution";
				CODE_SIGN_STYLE = Manual;
				CURRENT_PROJECT_VERSION = 1;
				DEVELOPMENT_TEAM = HC34M8YE55;
				GENERATE_INFOPLIST_FILE = YES;
				IBSC_MODULE = "$(PRODUCT_MODULE_NAME)";
				INFOPLIST_FILE = LocalHero/Info.plist;
				INFOPLIST_KEY_NSCameraUsageDescription = "Local Heroes need your permission to use your camera please";
				INFOPLIST_KEY_UIApplicationSupportsIndirectInputEvents = YES;
				INFOPLIST_KEY_UILaunchStoryboardName = LaunchScreen;
				INFOPLIST_KEY_UISupportedInterfaceOrientations = "";
				INFOPLIST_KEY_UISupportedInterfaceOrientations_iPad = "UIInterfaceOrientationPortrait UIInterfaceOrientationPortraitUpsideDown UIInterfaceOrientationLandscapeLeft UIInterfaceOrientationLandscapeRight";
				INFOPLIST_KEY_UISupportedInterfaceOrientations_iPhone = "UIInterfaceOrientationPortrait UIInterfaceOrientationLandscapeLeft UIInterfaceOrientationLandscapeRight";
				LD_RUNPATH_SEARCH_PATHS = (
					"$(inherited)",
					"@executable_path/Frameworks",
				);
				MARKETING_VERSION = 1.0;
				PRODUCT_BUNDLE_IDENTIFIER = com.bink.localhero.beta;
				PRODUCT_MODULE_NAME = LocalHero;
				PRODUCT_NAME = "Local Hero β";
				PROVISIONING_PROFILE_SPECIFIER = "match AdHoc com.bink.localhero.beta";
				SWIFT_EMIT_LOC_STRINGS = YES;
				SWIFT_VERSION = 5.0;
				TARGETED_DEVICE_FAMILY = "1,2";
			};
			name = Beta;
		};
		CE4EBB3D27BD1B2800A5CA31 /* Beta */ = {
			isa = XCBuildConfiguration;
			baseConfigurationReference = 5C9385C81E79565BD5BAF0F5 /* Pods-LocalHeroTests.beta.xcconfig */;
			buildSettings = {
				ALWAYS_EMBED_SWIFT_STANDARD_LIBRARIES = YES;
				BUNDLE_LOADER = "$(TEST_HOST)";
				CODE_SIGN_STYLE = Automatic;
				CURRENT_PROJECT_VERSION = 1;
				DEVELOPMENT_TEAM = HC34M8YE55;
				GENERATE_INFOPLIST_FILE = YES;
				IPHONEOS_DEPLOYMENT_TARGET = 15.2;
				MARKETING_VERSION = 1.0;
				PRODUCT_BUNDLE_IDENTIFIER = com.bink.localhero.LocalHeroTests;
				PRODUCT_NAME = "$(TARGET_NAME)";
				SWIFT_EMIT_LOC_STRINGS = NO;
				SWIFT_VERSION = 5.0;
				TARGETED_DEVICE_FAMILY = "1,2";
				TEST_HOST = "$(BUILT_PRODUCTS_DIR)/LocalHero.app/LocalHero";
			};
			name = Beta;
		};
		CE4EBB3E27BD1B2800A5CA31 /* Beta */ = {
			isa = XCBuildConfiguration;
			baseConfigurationReference = 5AB36718DF7AB4B798E94D7E /* Pods-LocalHero-LocalHeroUITests.beta.xcconfig */;
			buildSettings = {
				ALWAYS_EMBED_SWIFT_STANDARD_LIBRARIES = YES;
				CODE_SIGN_STYLE = Automatic;
				CURRENT_PROJECT_VERSION = 1;
				DEVELOPMENT_TEAM = HC34M8YE55;
				GENERATE_INFOPLIST_FILE = YES;
				MARKETING_VERSION = 1.0;
				PRODUCT_BUNDLE_IDENTIFIER = com.bink.localhero.LocalHeroUITests;
				PRODUCT_NAME = "$(TARGET_NAME)";
				SWIFT_EMIT_LOC_STRINGS = NO;
				SWIFT_VERSION = 5.0;
				TARGETED_DEVICE_FAMILY = "1,2";
				TEST_TARGET_NAME = LocalHero;
			};
			name = Beta;
		};
		CE4EBB3F27BD1B3000A5CA31 /* App Store (Internal) */ = {
			isa = XCBuildConfiguration;
			baseConfigurationReference = CE4EBB4927BD6F7500A5CA31 /* Staging.xcconfig */;
			buildSettings = {
				ALWAYS_SEARCH_USER_PATHS = NO;
				CLANG_ANALYZER_NONNULL = YES;
				CLANG_ANALYZER_NUMBER_OBJECT_CONVERSION = YES_AGGRESSIVE;
				CLANG_CXX_LANGUAGE_STANDARD = "gnu++17";
				CLANG_CXX_LIBRARY = "libc++";
				CLANG_ENABLE_MODULES = YES;
				CLANG_ENABLE_OBJC_ARC = YES;
				CLANG_ENABLE_OBJC_WEAK = YES;
				CLANG_WARN_BLOCK_CAPTURE_AUTORELEASING = YES;
				CLANG_WARN_BOOL_CONVERSION = YES;
				CLANG_WARN_COMMA = YES;
				CLANG_WARN_CONSTANT_CONVERSION = YES;
				CLANG_WARN_DEPRECATED_OBJC_IMPLEMENTATIONS = YES;
				CLANG_WARN_DIRECT_OBJC_ISA_USAGE = YES_ERROR;
				CLANG_WARN_DOCUMENTATION_COMMENTS = YES;
				CLANG_WARN_EMPTY_BODY = YES;
				CLANG_WARN_ENUM_CONVERSION = YES;
				CLANG_WARN_INFINITE_RECURSION = YES;
				CLANG_WARN_INT_CONVERSION = YES;
				CLANG_WARN_NON_LITERAL_NULL_CONVERSION = YES;
				CLANG_WARN_OBJC_IMPLICIT_RETAIN_SELF = YES;
				CLANG_WARN_OBJC_LITERAL_CONVERSION = YES;
				CLANG_WARN_OBJC_ROOT_CLASS = YES_ERROR;
				CLANG_WARN_QUOTED_INCLUDE_IN_FRAMEWORK_HEADER = YES;
				CLANG_WARN_RANGE_LOOP_ANALYSIS = YES;
				CLANG_WARN_STRICT_PROTOTYPES = YES;
				CLANG_WARN_SUSPICIOUS_MOVE = YES;
				CLANG_WARN_UNGUARDED_AVAILABILITY = YES_AGGRESSIVE;
				CLANG_WARN_UNREACHABLE_CODE = YES;
				CLANG_WARN__DUPLICATE_METHOD_MATCH = YES;
				COPY_PHASE_STRIP = NO;
				DEBUG_INFORMATION_FORMAT = "dwarf-with-dsym";
				ENABLE_NS_ASSERTIONS = NO;
				ENABLE_STRICT_OBJC_MSGSEND = YES;
				GCC_C_LANGUAGE_STANDARD = gnu11;
				GCC_NO_COMMON_BLOCKS = YES;
				GCC_WARN_64_TO_32_BIT_CONVERSION = YES;
				GCC_WARN_ABOUT_RETURN_TYPE = YES_ERROR;
				GCC_WARN_UNDECLARED_SELECTOR = YES;
				GCC_WARN_UNINITIALIZED_AUTOS = YES_AGGRESSIVE;
				GCC_WARN_UNUSED_FUNCTION = YES;
				GCC_WARN_UNUSED_VARIABLE = YES;
				IPHONEOS_DEPLOYMENT_TARGET = 15.2;
				MTL_ENABLE_DEBUG_INFO = NO;
				MTL_FAST_MATH = YES;
				SDKROOT = iphoneos;
				SWIFT_COMPILATION_MODE = wholemodule;
				SWIFT_OPTIMIZATION_LEVEL = "-O";
				VALIDATE_PRODUCT = YES;
			};
			name = "App Store (Internal)";
		};
		CE4EBB4027BD1B3000A5CA31 /* App Store (Internal) */ = {
			isa = XCBuildConfiguration;
			baseConfigurationReference = C3F4AFC3A4E4CA0746D45B6E /* Pods-LocalHero.app store (internal).xcconfig */;
			buildSettings = {
				ASSETCATALOG_COMPILER_APPICON_NAME = AppIcon;
				ASSETCATALOG_COMPILER_GLOBAL_ACCENT_COLOR_NAME = AccentColor;
				CODE_SIGN_IDENTITY = "iPhone Distribution";
				CODE_SIGN_STYLE = Manual;
				CURRENT_PROJECT_VERSION = 1;
				DEVELOPMENT_TEAM = HC34M8YE55;
				GENERATE_INFOPLIST_FILE = YES;
				IBSC_MODULE = "$(PRODUCT_MODULE_NAME)";
				INFOPLIST_FILE = LocalHero/Info.plist;
				INFOPLIST_KEY_NSCameraUsageDescription = "Local Heroes need your permission to use your camera please";
				INFOPLIST_KEY_UIApplicationSupportsIndirectInputEvents = YES;
				INFOPLIST_KEY_UILaunchStoryboardName = LaunchScreen;
				INFOPLIST_KEY_UISupportedInterfaceOrientations = "";
				INFOPLIST_KEY_UISupportedInterfaceOrientations_iPad = "UIInterfaceOrientationPortrait UIInterfaceOrientationPortraitUpsideDown UIInterfaceOrientationLandscapeLeft UIInterfaceOrientationLandscapeRight";
				INFOPLIST_KEY_UISupportedInterfaceOrientations_iPhone = "UIInterfaceOrientationPortrait UIInterfaceOrientationLandscapeLeft UIInterfaceOrientationLandscapeRight";
				LD_RUNPATH_SEARCH_PATHS = (
					"$(inherited)",
					"@executable_path/Frameworks",
				);
				MARKETING_VERSION = 1.0;
				PRODUCT_BUNDLE_IDENTIFIER = com.bink.localhero.beta;
				PRODUCT_MODULE_NAME = LocalHero;
				PRODUCT_NAME = "Local Hero β";
				PROVISIONING_PROFILE_SPECIFIER = "match AppStore com.bink.localhero.beta";
				SWIFT_EMIT_LOC_STRINGS = YES;
				SWIFT_VERSION = 5.0;
				TARGETED_DEVICE_FAMILY = "1,2";
			};
			name = "App Store (Internal)";
		};
		CE4EBB4127BD1B3000A5CA31 /* App Store (Internal) */ = {
			isa = XCBuildConfiguration;
			baseConfigurationReference = 9D8E69498ECD5945AFDC2B47 /* Pods-LocalHeroTests.app store (internal).xcconfig */;
			buildSettings = {
				ALWAYS_EMBED_SWIFT_STANDARD_LIBRARIES = YES;
				BUNDLE_LOADER = "$(TEST_HOST)";
				CODE_SIGN_STYLE = Automatic;
				CURRENT_PROJECT_VERSION = 1;
				DEVELOPMENT_TEAM = HC34M8YE55;
				GENERATE_INFOPLIST_FILE = YES;
				IPHONEOS_DEPLOYMENT_TARGET = 15.2;
				MARKETING_VERSION = 1.0;
				PRODUCT_BUNDLE_IDENTIFIER = com.bink.localhero.LocalHeroTests;
				PRODUCT_NAME = "$(TARGET_NAME)";
				SWIFT_EMIT_LOC_STRINGS = NO;
				SWIFT_VERSION = 5.0;
				TARGETED_DEVICE_FAMILY = "1,2";
				TEST_HOST = "$(BUILT_PRODUCTS_DIR)/LocalHero.app/LocalHero";
			};
			name = "App Store (Internal)";
		};
		CE4EBB4227BD1B3000A5CA31 /* App Store (Internal) */ = {
			isa = XCBuildConfiguration;
			baseConfigurationReference = 3F41E10A202628930486C713 /* Pods-LocalHero-LocalHeroUITests.app store (internal).xcconfig */;
			buildSettings = {
				ALWAYS_EMBED_SWIFT_STANDARD_LIBRARIES = YES;
				CODE_SIGN_STYLE = Automatic;
				CURRENT_PROJECT_VERSION = 1;
				DEVELOPMENT_TEAM = HC34M8YE55;
				GENERATE_INFOPLIST_FILE = YES;
				MARKETING_VERSION = 1.0;
				PRODUCT_BUNDLE_IDENTIFIER = com.bink.localhero.LocalHeroUITests;
				PRODUCT_NAME = "$(TARGET_NAME)";
				SWIFT_EMIT_LOC_STRINGS = NO;
				SWIFT_VERSION = 5.0;
				TARGETED_DEVICE_FAMILY = "1,2";
				TEST_TARGET_NAME = LocalHero;
			};
			name = "App Store (Internal)";
		};
/* End XCBuildConfiguration section */

/* Begin XCConfigurationList section */
		CE4EBAFD27BCF67100A5CA31 /* Build configuration list for PBXProject "LocalHero" */ = {
			isa = XCConfigurationList;
			buildConfigurations = (
				CE4EBB2A27BCF67800A5CA31 /* Alpha */,
				CE4EBB3B27BD1B2800A5CA31 /* Beta */,
				CE4EBB2B27BCF67800A5CA31 /* App Store */,
				CE4EBB3F27BD1B3000A5CA31 /* App Store (Internal) */,
			);
			defaultConfigurationIsVisible = 0;
			defaultConfigurationName = "App Store";
		};
		CE4EBB2C27BCF67800A5CA31 /* Build configuration list for PBXNativeTarget "LocalHero" */ = {
			isa = XCConfigurationList;
			buildConfigurations = (
				CE4EBB2D27BCF67800A5CA31 /* Alpha */,
				CE4EBB3C27BD1B2800A5CA31 /* Beta */,
				CE4EBB2E27BCF67800A5CA31 /* App Store */,
				CE4EBB4027BD1B3000A5CA31 /* App Store (Internal) */,
			);
			defaultConfigurationIsVisible = 0;
			defaultConfigurationName = "App Store";
		};
		CE4EBB2F27BCF67800A5CA31 /* Build configuration list for PBXNativeTarget "LocalHeroTests" */ = {
			isa = XCConfigurationList;
			buildConfigurations = (
				CE4EBB3027BCF67800A5CA31 /* Alpha */,
				CE4EBB3D27BD1B2800A5CA31 /* Beta */,
				CE4EBB3127BCF67800A5CA31 /* App Store */,
				CE4EBB4127BD1B3000A5CA31 /* App Store (Internal) */,
			);
			defaultConfigurationIsVisible = 0;
			defaultConfigurationName = "App Store";
		};
		CE4EBB3227BCF67800A5CA31 /* Build configuration list for PBXNativeTarget "LocalHeroUITests" */ = {
			isa = XCConfigurationList;
			buildConfigurations = (
				CE4EBB3327BCF67800A5CA31 /* Alpha */,
				CE4EBB3E27BD1B2800A5CA31 /* Beta */,
				CE4EBB3427BCF67800A5CA31 /* App Store */,
				CE4EBB4227BD1B3000A5CA31 /* App Store (Internal) */,
			);
			defaultConfigurationIsVisible = 0;
			defaultConfigurationName = "App Store";
		};
/* End XCConfigurationList section */

/* Begin XCRemoteSwiftPackageReference section */
		CEB7853E27C542C300B8F3D9 /* XCRemoteSwiftPackageReference "firebase-ios-sdk" */ = {
			isa = XCRemoteSwiftPackageReference;
			repositoryURL = "https://github.com/firebase/firebase-ios-sdk";
			requirement = {
				kind = upToNextMajorVersion;
				minimumVersion = 8.0.0;
			};
		};
		CEB7854727C5485200B8F3D9 /* XCRemoteSwiftPackageReference "Alamofire" */ = {
			isa = XCRemoteSwiftPackageReference;
			repositoryURL = "https://github.com/Alamofire/Alamofire";
			requirement = {
				kind = upToNextMajorVersion;
				minimumVersion = 5.0.0;
			};
		};
		CEB7855527C63BAE00B8F3D9 /* XCRemoteSwiftPackageReference "KeychainAccess" */ = {
			isa = XCRemoteSwiftPackageReference;
			repositoryURL = "https://github.com/kishikawakatsumi/KeychainAccess.git";
			requirement = {
				kind = upToNextMajorVersion;
				minimumVersion = 4.2.2;
			};
		};
		CEB7855B27C63E9200B8F3D9 /* XCRemoteSwiftPackageReference "JWTDecode.swift" */ = {
			isa = XCRemoteSwiftPackageReference;
			repositoryURL = "https://github.com/auth0/JWTDecode.swift.git";
			requirement = {
				kind = upToNextMajorVersion;
				minimumVersion = 2.6.2;
			};
		};
/* End XCRemoteSwiftPackageReference section */

/* Begin XCSwiftPackageProductDependency section */
		CEB7853F27C542C300B8F3D9 /* FirebaseRemoteConfig */ = {
			isa = XCSwiftPackageProductDependency;
			package = CEB7853E27C542C300B8F3D9 /* XCRemoteSwiftPackageReference "firebase-ios-sdk" */;
			productName = FirebaseRemoteConfig;
		};
		CEB7854127C542C300B8F3D9 /* FirebaseRemoteConfigSwift-Beta */ = {
			isa = XCSwiftPackageProductDependency;
			package = CEB7853E27C542C300B8F3D9 /* XCRemoteSwiftPackageReference "firebase-ios-sdk" */;
			productName = "FirebaseRemoteConfigSwift-Beta";
		};
		CEB7854327C542C300B8F3D9 /* FirebaseStorage */ = {
			isa = XCSwiftPackageProductDependency;
			package = CEB7853E27C542C300B8F3D9 /* XCRemoteSwiftPackageReference "firebase-ios-sdk" */;
			productName = FirebaseStorage;
		};
		CEB7854527C542C300B8F3D9 /* FirebaseStorageSwift-Beta */ = {
			isa = XCSwiftPackageProductDependency;
			package = CEB7853E27C542C300B8F3D9 /* XCRemoteSwiftPackageReference "firebase-ios-sdk" */;
			productName = "FirebaseStorageSwift-Beta";
		};
		CEB7854827C5485300B8F3D9 /* Alamofire */ = {
			isa = XCSwiftPackageProductDependency;
			package = CEB7854727C5485200B8F3D9 /* XCRemoteSwiftPackageReference "Alamofire" */;
			productName = Alamofire;
		};
		CEB7855627C63BAE00B8F3D9 /* KeychainAccess */ = {
			isa = XCSwiftPackageProductDependency;
			package = CEB7855527C63BAE00B8F3D9 /* XCRemoteSwiftPackageReference "KeychainAccess" */;
			productName = KeychainAccess;
		};
		CEB7855C27C63E9200B8F3D9 /* JWTDecode */ = {
			isa = XCSwiftPackageProductDependency;
			package = CEB7855B27C63E9200B8F3D9 /* XCRemoteSwiftPackageReference "JWTDecode.swift" */;
			productName = JWTDecode;
		};
/* End XCSwiftPackageProductDependency section */
	};
	rootObject = CE4EBAFA27BCF67100A5CA31 /* Project object */;
}
